// !$*UTF8*$!
{
	archiveVersion = 1;
	classes = {
	};
	objectVersion = 56;
	objects = {

/* Begin PBXBuildFile section */
		7AAD3C502C6E832D00258170 /* U8508545_20230901_20240814.csv in Resources */ = {isa = PBXBuildFile; fileRef = 7AAD3C4F2C6E832D00258170 /* U8508545_20230901_20240814.csv */; };
		E40D0A452B318A34007A8E52 /* U8508545_20221219_20231218.csv in Resources */ = {isa = PBXBuildFile; fileRef = E40D0A442B318A34007A8E52 /* U8508545_20221219_20231218.csv */; };
		E40EC08D2A84FD28006C4466 /* U8508545_20220809_20230809.csv in Resources */ = {isa = PBXBuildFile; fileRef = E40EC08C2A84FD28006C4466 /* U8508545_20220809_20230809.csv */; };
		E41EB92429E1CBA8005FD405 /* U8508545_20221230_20230407.csv in Resources */ = {isa = PBXBuildFile; fileRef = E41EB92329E1CBA8005FD405 /* U8508545_20221230_20230407.csv */; };
		E421B7282A015ED800ADF29E /* U8508545_20221229_20230501.csv in Resources */ = {isa = PBXBuildFile; fileRef = E421B7272A015ED800ADF29E /* U8508545_20221229_20230501.csv */; };
		E42426E12C1F4F9900895A5E /* U8508545_20230615_20240614.csv in Resources */ = {isa = PBXBuildFile; fileRef = E42426E02C1F4F9900895A5E /* U8508545_20230615_20240614.csv */; };
		E44625802B715F5500C768BA /* U8508545_20230202_20240202.csv in Resources */ = {isa = PBXBuildFile; fileRef = E446257F2B715F5500C768BA /* U8508545_20230202_20240202.csv */; };
		E45CD60C2C0CE858008E625B /* U8508545_20230601_20240531.csv in Resources */ = {isa = PBXBuildFile; fileRef = E45CD60B2C0CE858008E625B /* U8508545_20230601_20240531.csv */; };
		E4612DB52AB5AFBC00DBD548 /* U8508545_20220915_20230915.csv in Resources */ = {isa = PBXBuildFile; fileRef = E4612DB42AB5AFBC00DBD548 /* U8508545_20220915_20230915.csv */; };
		E4612DB72AB5C88A00DBD548 /* ib2022.csv in Resources */ = {isa = PBXBuildFile; fileRef = E4612DB62AB5C88A00DBD548 /* ib2022.csv */; };
		E462EACE2CD2A5F700A70C4A /* U8508545_20231101_20241029.csv in Resources */ = {isa = PBXBuildFile; fileRef = E462EACD2CD2A5F700A70C4A /* U8508545_20231101_20241029.csv */; };
		E468CECE291796870015BCAE /* AppDelegate.swift in Sources */ = {isa = PBXBuildFile; fileRef = E468CECD291796870015BCAE /* AppDelegate.swift */; };
		E468CED0291796870015BCAE /* SceneDelegate.swift in Sources */ = {isa = PBXBuildFile; fileRef = E468CECF291796870015BCAE /* SceneDelegate.swift */; };
		E468CED2291796870015BCAE /* ViewController.swift in Sources */ = {isa = PBXBuildFile; fileRef = E468CED1291796870015BCAE /* ViewController.swift */; };
		E468CED5291796870015BCAE /* Main.storyboard in Resources */ = {isa = PBXBuildFile; fileRef = E468CED3291796870015BCAE /* Main.storyboard */; };
		E468CED7291796880015BCAE /* Assets.xcassets in Resources */ = {isa = PBXBuildFile; fileRef = E468CED6291796880015BCAE /* Assets.xcassets */; };
		E468CEDA291796880015BCAE /* LaunchScreen.storyboard in Resources */ = {isa = PBXBuildFile; fileRef = E468CED8291796880015BCAE /* LaunchScreen.storyboard */; };
		E468CEE42917BB1E0015BCAE /* ex.txt in Resources */ = {isa = PBXBuildFile; fileRef = E468CEE32917BB1E0015BCAE /* ex.txt */; };
		E4741AF42A35DF7300533171 /* U8508545_20220609_20230609.csv in Resources */ = {isa = PBXBuildFile; fileRef = E4741AF32A35DF7300533171 /* U8508545_20220609_20230609.csv */; };
		E49E7DE92A6668E6008B5C69 /* U8508545_20220718_20230717.csv in Resources */ = {isa = PBXBuildFile; fileRef = E49E7DE82A6668E6008B5C69 /* U8508545_20220718_20230717.csv */; };
		E4CC590729B48BE100B996E6 /* U8508545_20220228_20230228.csv in Resources */ = {isa = PBXBuildFile; fileRef = E4CC590629B48BE100B996E6 /* U8508545_20220228_20230228.csv */; };
		E4CC590929B48D8500B996E6 /* U8508545_20230102_20230303.csv in Resources */ = {isa = PBXBuildFile; fileRef = E4CC590829B48D8500B996E6 /* U8508545_20230102_20230303.csv */; };
		E4F537252D056D7400381DE1 /* U8508545_20231211_20241206.csv in Resources */ = {isa = PBXBuildFile; fileRef = E4F537242D056D7400381DE1 /* U8508545_20231211_20241206.csv */; };
/* End PBXBuildFile section */

/* Begin PBXFileReference section */
		7AAD3C4F2C6E832D00258170 /* U8508545_20230901_20240814.csv */ = {isa = PBXFileReference; fileEncoding = 4; lastKnownFileType = text; path = U8508545_20230901_20240814.csv; sourceTree = "<group>"; };
		E40D0A442B318A34007A8E52 /* U8508545_20221219_20231218.csv */ = {isa = PBXFileReference; fileEncoding = 4; lastKnownFileType = text; path = U8508545_20221219_20231218.csv; sourceTree = "<group>"; };
		E40EC08C2A84FD28006C4466 /* U8508545_20220809_20230809.csv */ = {isa = PBXFileReference; fileEncoding = 4; lastKnownFileType = text; path = U8508545_20220809_20230809.csv; sourceTree = "<group>"; };
		E41EB92329E1CBA8005FD405 /* U8508545_20221230_20230407.csv */ = {isa = PBXFileReference; fileEncoding = 4; lastKnownFileType = text; path = U8508545_20221230_20230407.csv; sourceTree = "<group>"; };
		E421B7272A015ED800ADF29E /* U8508545_20221229_20230501.csv */ = {isa = PBXFileReference; fileEncoding = 4; lastKnownFileType = text; path = U8508545_20221229_20230501.csv; sourceTree = "<group>"; };
		E42426E02C1F4F9900895A5E /* U8508545_20230615_20240614.csv */ = {isa = PBXFileReference; fileEncoding = 4; lastKnownFileType = text; path = U8508545_20230615_20240614.csv; sourceTree = "<group>"; };
		E446257F2B715F5500C768BA /* U8508545_20230202_20240202.csv */ = {isa = PBXFileReference; fileEncoding = 4; lastKnownFileType = text; path = U8508545_20230202_20240202.csv; sourceTree = "<group>"; };
		E45CD60B2C0CE858008E625B /* U8508545_20230601_20240531.csv */ = {isa = PBXFileReference; fileEncoding = 4; lastKnownFileType = text; path = U8508545_20230601_20240531.csv; sourceTree = "<group>"; };
		E4612DB42AB5AFBC00DBD548 /* U8508545_20220915_20230915.csv */ = {isa = PBXFileReference; fileEncoding = 4; lastKnownFileType = text; path = U8508545_20220915_20230915.csv; sourceTree = "<group>"; };
		E4612DB62AB5C88A00DBD548 /* ib2022.csv */ = {isa = PBXFileReference; fileEncoding = 4; lastKnownFileType = text; path = ib2022.csv; sourceTree = "<group>"; };
		E462EACD2CD2A5F700A70C4A /* U8508545_20231101_20241029.csv */ = {isa = PBXFileReference; fileEncoding = 4; lastKnownFileType = text; path = U8508545_20231101_20241029.csv; sourceTree = "<group>"; };
		E468CECA291796870015BCAE /* tax.app */ = {isa = PBXFileReference; explicitFileType = wrapper.application; includeInIndex = 0; path = tax.app; sourceTree = BUILT_PRODUCTS_DIR; };
		E468CECD291796870015BCAE /* AppDelegate.swift */ = {isa = PBXFileReference; lastKnownFileType = sourcecode.swift; path = AppDelegate.swift; sourceTree = "<group>"; };
		E468CECF291796870015BCAE /* SceneDelegate.swift */ = {isa = PBXFileReference; lastKnownFileType = sourcecode.swift; path = SceneDelegate.swift; sourceTree = "<group>"; };
		E468CED1291796870015BCAE /* ViewController.swift */ = {isa = PBXFileReference; lastKnownFileType = sourcecode.swift; path = ViewController.swift; sourceTree = "<group>"; };
		E468CED4291796870015BCAE /* Base */ = {isa = PBXFileReference; lastKnownFileType = file.storyboard; name = Base; path = Base.lproj/Main.storyboard; sourceTree = "<group>"; };
		E468CED6291796880015BCAE /* Assets.xcassets */ = {isa = PBXFileReference; lastKnownFileType = folder.assetcatalog; path = Assets.xcassets; sourceTree = "<group>"; };
		E468CED9291796880015BCAE /* Base */ = {isa = PBXFileReference; lastKnownFileType = file.storyboard; name = Base; path = Base.lproj/LaunchScreen.storyboard; sourceTree = "<group>"; };
		E468CEDB291796880015BCAE /* Info.plist */ = {isa = PBXFileReference; lastKnownFileType = text.plist.xml; path = Info.plist; sourceTree = "<group>"; };
		E468CEE32917BB1E0015BCAE /* ex.txt */ = {isa = PBXFileReference; fileEncoding = 4; lastKnownFileType = text; path = ex.txt; sourceTree = "<group>"; };
		E4741AF32A35DF7300533171 /* U8508545_20220609_20230609.csv */ = {isa = PBXFileReference; fileEncoding = 4; lastKnownFileType = text; path = U8508545_20220609_20230609.csv; sourceTree = "<group>"; };
		E49E7DE82A6668E6008B5C69 /* U8508545_20220718_20230717.csv */ = {isa = PBXFileReference; fileEncoding = 4; lastKnownFileType = text; path = U8508545_20220718_20230717.csv; sourceTree = "<group>"; };
		E4CC590629B48BE100B996E6 /* U8508545_20220228_20230228.csv */ = {isa = PBXFileReference; fileEncoding = 4; lastKnownFileType = text; path = U8508545_20220228_20230228.csv; sourceTree = "<group>"; };
		E4CC590829B48D8500B996E6 /* U8508545_20230102_20230303.csv */ = {isa = PBXFileReference; fileEncoding = 4; lastKnownFileType = text; path = U8508545_20230102_20230303.csv; sourceTree = "<group>"; };
		E4F537242D056D7400381DE1 /* U8508545_20231211_20241206.csv */ = {isa = PBXFileReference; fileEncoding = 4; lastKnownFileType = text; path = U8508545_20231211_20241206.csv; sourceTree = "<group>"; };
/* End PBXFileReference section */

/* Begin PBXFrameworksBuildPhase section */
		E468CEC7291796870015BCAE /* Frameworks */ = {
			isa = PBXFrameworksBuildPhase;
			buildActionMask = 2147483647;
			files = (
			);
			runOnlyForDeploymentPostprocessing = 0;
		};
/* End PBXFrameworksBuildPhase section */

/* Begin PBXGroup section */
		E468CEC1291796870015BCAE = {
			isa = PBXGroup;
			children = (
				E468CECC291796870015BCAE /* tax */,
				E468CECB291796870015BCAE /* Products */,
			);
			sourceTree = "<group>";
		};
		E468CECB291796870015BCAE /* Products */ = {
			isa = PBXGroup;
			children = (
				E468CECA291796870015BCAE /* tax.app */,
			);
			name = Products;
			sourceTree = "<group>";
		};
		E468CECC291796870015BCAE /* tax */ = {
			isa = PBXGroup;
			children = (
				E4612DB62AB5C88A00DBD548 /* ib2022.csv */,
				E4CC590629B48BE100B996E6 /* U8508545_20220228_20230228.csv */,
				E4741AF32A35DF7300533171 /* U8508545_20220609_20230609.csv */,
				E49E7DE82A6668E6008B5C69 /* U8508545_20220718_20230717.csv */,
				E40EC08C2A84FD28006C4466 /* U8508545_20220809_20230809.csv */,
				E4612DB42AB5AFBC00DBD548 /* U8508545_20220915_20230915.csv */,
				E40D0A442B318A34007A8E52 /* U8508545_20221219_20231218.csv */,
				E421B7272A015ED800ADF29E /* U8508545_20221229_20230501.csv */,
				E41EB92329E1CBA8005FD405 /* U8508545_20221230_20230407.csv */,
				E4CC590829B48D8500B996E6 /* U8508545_20230102_20230303.csv */,
				E446257F2B715F5500C768BA /* U8508545_20230202_20240202.csv */,
				E45CD60B2C0CE858008E625B /* U8508545_20230601_20240531.csv */,
				E42426E02C1F4F9900895A5E /* U8508545_20230615_20240614.csv */,
				7AAD3C4F2C6E832D00258170 /* U8508545_20230901_20240814.csv */,
				E462EACD2CD2A5F700A70C4A /* U8508545_20231101_20241029.csv */,
				E4F537242D056D7400381DE1 /* U8508545_20231211_20241206.csv */,
				E468CEDB291796880015BCAE /* Info.plist */,
				E468CECD291796870015BCAE /* AppDelegate.swift */,
				E468CECF291796870015BCAE /* SceneDelegate.swift */,
				E468CED1291796870015BCAE /* ViewController.swift */,
				E468CEE32917BB1E0015BCAE /* ex.txt */,
				E468CED6291796880015BCAE /* Assets.xcassets */,
				E468CED8291796880015BCAE /* LaunchScreen.storyboard */,
				E468CED3291796870015BCAE /* Main.storyboard */,
			);
			path = tax;
			sourceTree = "<group>";
		};
/* End PBXGroup section */

/* Begin PBXNativeTarget section */
		E468CEC9291796870015BCAE /* tax */ = {
			isa = PBXNativeTarget;
			buildConfigurationList = E468CEDE291796880015BCAE /* Build configuration list for PBXNativeTarget "tax" */;
			buildPhases = (
				E468CEC6291796870015BCAE /* Sources */,
				E468CEC7291796870015BCAE /* Frameworks */,
				E468CEC8291796870015BCAE /* Resources */,
			);
			buildRules = (
			);
			dependencies = (
			);
			name = tax;
			productName = tax;
			productReference = E468CECA291796870015BCAE /* tax.app */;
			productType = "com.apple.product-type.application";
		};
/* End PBXNativeTarget section */

/* Begin PBXProject section */
		E468CEC2291796870015BCAE /* Project object */ = {
			isa = PBXProject;
			attributes = {
				BuildIndependentTargetsInParallel = 1;
				LastSwiftUpdateCheck = 1400;
				LastUpgradeCheck = 1400;
				TargetAttributes = {
					E468CEC9291796870015BCAE = {
						CreatedOnToolsVersion = 14.0.1;
					};
				};
			};
			buildConfigurationList = E468CEC5291796870015BCAE /* Build configuration list for PBXProject "tax" */;
			compatibilityVersion = "Xcode 14.0";
			developmentRegion = en;
			hasScannedForEncodings = 0;
			knownRegions = (
				en,
				Base,
			);
			mainGroup = E468CEC1291796870015BCAE;
			productRefGroup = E468CECB291796870015BCAE /* Products */;
			projectDirPath = "";
			projectRoot = "";
			targets = (
				E468CEC9291796870015BCAE /* tax */,
			);
		};
/* End PBXProject section */

/* Begin PBXResourcesBuildPhase section */
		E468CEC8291796870015BCAE /* Resources */ = {
			isa = PBXResourcesBuildPhase;
			buildActionMask = 2147483647;
			files = (
				E468CEE42917BB1E0015BCAE /* ex.txt in Resources */,
				E4CC590729B48BE100B996E6 /* U8508545_20220228_20230228.csv in Resources */,
				E4612DB72AB5C88A00DBD548 /* ib2022.csv in Resources */,
				E462EACE2CD2A5F700A70C4A /* U8508545_20231101_20241029.csv in Resources */,
				E468CEDA291796880015BCAE /* LaunchScreen.storyboard in Resources */,
				E468CED7291796880015BCAE /* Assets.xcassets in Resources */,
				E40EC08D2A84FD28006C4466 /* U8508545_20220809_20230809.csv in Resources */,
				7AAD3C502C6E832D00258170 /* U8508545_20230901_20240814.csv in Resources */,
				E468CED5291796870015BCAE /* Main.storyboard in Resources */,
				E4CC590929B48D8500B996E6 /* U8508545_20230102_20230303.csv in Resources */,
				E4741AF42A35DF7300533171 /* U8508545_20220609_20230609.csv in Resources */,
				E42426E12C1F4F9900895A5E /* U8508545_20230615_20240614.csv in Resources */,
				E41EB92429E1CBA8005FD405 /* U8508545_20221230_20230407.csv in Resources */,
				E40D0A452B318A34007A8E52 /* U8508545_20221219_20231218.csv in Resources */,
				E4612DB52AB5AFBC00DBD548 /* U8508545_20220915_20230915.csv in Resources */,
				E4F537252D056D7400381DE1 /* U8508545_20231211_20241206.csv in Resources */,
				E49E7DE92A6668E6008B5C69 /* U8508545_20220718_20230717.csv in Resources */,
				E45CD60C2C0CE858008E625B /* U8508545_20230601_20240531.csv in Resources */,
				E421B7282A015ED800ADF29E /* U8508545_20221229_20230501.csv in Resources */,
				E44625802B715F5500C768BA /* U8508545_20230202_20240202.csv in Resources */,
			);
			runOnlyForDeploymentPostprocessing = 0;
		};
/* End PBXResourcesBuildPhase section */

/* Begin PBXSourcesBuildPhase section */
		E468CEC6291796870015BCAE /* Sources */ = {
			isa = PBXSourcesBuildPhase;
			buildActionMask = 2147483647;
			files = (
				E468CED2291796870015BCAE /* ViewController.swift in Sources */,
				E468CECE291796870015BCAE /* AppDelegate.swift in Sources */,
				E468CED0291796870015BCAE /* SceneDelegate.swift in Sources */,
			);
			runOnlyForDeploymentPostprocessing = 0;
		};
/* End PBXSourcesBuildPhase section */

/* Begin PBXVariantGroup section */
		E468CED3291796870015BCAE /* Main.storyboard */ = {
			isa = PBXVariantGroup;
			children = (
				E468CED4291796870015BCAE /* Base */,
			);
			name = Main.storyboard;
			sourceTree = "<group>";
		};
		E468CED8291796880015BCAE /* LaunchScreen.storyboard */ = {
			isa = PBXVariantGroup;
			children = (
				E468CED9291796880015BCAE /* Base */,
			);
			name = LaunchScreen.storyboard;
			sourceTree = "<group>";
		};
/* End PBXVariantGroup section */

/* Begin XCBuildConfiguration section */
		E468CEDC291796880015BCAE /* Debug */ = {
			isa = XCBuildConfiguration;
			buildSettings = {
				ALWAYS_SEARCH_USER_PATHS = NO;
				CLANG_ANALYZER_NONNULL = YES;
				CLANG_ANALYZER_NUMBER_OBJECT_CONVERSION = YES_AGGRESSIVE;
				CLANG_CXX_LANGUAGE_STANDARD = "gnu++20";
				CLANG_ENABLE_MODULES = YES;
				CLANG_ENABLE_OBJC_ARC = YES;
				CLANG_ENABLE_OBJC_WEAK = YES;
				CLANG_WARN_BLOCK_CAPTURE_AUTORELEASING = YES;
				CLANG_WARN_BOOL_CONVERSION = YES;
				CLANG_WARN_COMMA = YES;
				CLANG_WARN_CONSTANT_CONVERSION = YES;
				CLANG_WARN_DEPRECATED_OBJC_IMPLEMENTATIONS = YES;
				CLANG_WARN_DIRECT_OBJC_ISA_USAGE = YES_ERROR;
				CLANG_WARN_DOCUMENTATION_COMMENTS = YES;
				CLANG_WARN_EMPTY_BODY = YES;
				CLANG_WARN_ENUM_CONVERSION = YES;
				CLANG_WARN_INFINITE_RECURSION = YES;
				CLANG_WARN_INT_CONVERSION = YES;
				CLANG_WARN_NON_LITERAL_NULL_CONVERSION = YES;
				CLANG_WARN_OBJC_IMPLICIT_RETAIN_SELF = YES;
				CLANG_WARN_OBJC_LITERAL_CONVERSION = YES;
				CLANG_WARN_OBJC_ROOT_CLASS = YES_ERROR;
				CLANG_WARN_QUOTED_INCLUDE_IN_FRAMEWORK_HEADER = YES;
				CLANG_WARN_RANGE_LOOP_ANALYSIS = YES;
				CLANG_WARN_STRICT_PROTOTYPES = YES;
				CLANG_WARN_SUSPICIOUS_MOVE = YES;
				CLANG_WARN_UNGUARDED_AVAILABILITY = YES_AGGRESSIVE;
				CLANG_WARN_UNREACHABLE_CODE = YES;
				CLANG_WARN__DUPLICATE_METHOD_MATCH = YES;
				COPY_PHASE_STRIP = NO;
				DEBUG_INFORMATION_FORMAT = dwarf;
				ENABLE_STRICT_OBJC_MSGSEND = YES;
				ENABLE_TESTABILITY = YES;
				GCC_C_LANGUAGE_STANDARD = gnu11;
				GCC_DYNAMIC_NO_PIC = NO;
				GCC_NO_COMMON_BLOCKS = YES;
				GCC_OPTIMIZATION_LEVEL = 0;
				GCC_PREPROCESSOR_DEFINITIONS = (
					"DEBUG=1",
					"$(inherited)",
				);
				GCC_WARN_64_TO_32_BIT_CONVERSION = YES;
				GCC_WARN_ABOUT_RETURN_TYPE = YES_ERROR;
				GCC_WARN_UNDECLARED_SELECTOR = YES;
				GCC_WARN_UNINITIALIZED_AUTOS = YES_AGGRESSIVE;
				GCC_WARN_UNUSED_FUNCTION = YES;
				GCC_WARN_UNUSED_VARIABLE = YES;
				IPHONEOS_DEPLOYMENT_TARGET = 16.0;
				MTL_ENABLE_DEBUG_INFO = INCLUDE_SOURCE;
				MTL_FAST_MATH = YES;
				ONLY_ACTIVE_ARCH = YES;
				SDKROOT = iphoneos;
				SWIFT_ACTIVE_COMPILATION_CONDITIONS = DEBUG;
				SWIFT_OPTIMIZATION_LEVEL = "-Onone";
			};
			name = Debug;
		};
		E468CEDD291796880015BCAE /* Release */ = {
			isa = XCBuildConfiguration;
			buildSettings = {
				ALWAYS_SEARCH_USER_PATHS = NO;
				CLANG_ANALYZER_NONNULL = YES;
				CLANG_ANALYZER_NUMBER_OBJECT_CONVERSION = YES_AGGRESSIVE;
				CLANG_CXX_LANGUAGE_STANDARD = "gnu++20";
				CLANG_ENABLE_MODULES = YES;
				CLANG_ENABLE_OBJC_ARC = YES;
				CLANG_ENABLE_OBJC_WEAK = YES;
				CLANG_WARN_BLOCK_CAPTURE_AUTORELEASING = YES;
				CLANG_WARN_BOOL_CONVERSION = YES;
				CLANG_WARN_COMMA = YES;
				CLANG_WARN_CONSTANT_CONVERSION = YES;
				CLANG_WARN_DEPRECATED_OBJC_IMPLEMENTATIONS = YES;
				CLANG_WARN_DIRECT_OBJC_ISA_USAGE = YES_ERROR;
				CLANG_WARN_DOCUMENTATION_COMMENTS = YES;
				CLANG_WARN_EMPTY_BODY = YES;
				CLANG_WARN_ENUM_CONVERSION = YES;
				CLANG_WARN_INFINITE_RECURSION = YES;
				CLANG_WARN_INT_CONVERSION = YES;
				CLANG_WARN_NON_LITERAL_NULL_CONVERSION = YES;
				CLANG_WARN_OBJC_IMPLICIT_RETAIN_SELF = YES;
				CLANG_WARN_OBJC_LITERAL_CONVERSION = YES;
				CLANG_WARN_OBJC_ROOT_CLASS = YES_ERROR;
				CLANG_WARN_QUOTED_INCLUDE_IN_FRAMEWORK_HEADER = YES;
				CLANG_WARN_RANGE_LOOP_ANALYSIS = YES;
				CLANG_WARN_STRICT_PROTOTYPES = YES;
				CLANG_WARN_SUSPICIOUS_MOVE = YES;
				CLANG_WARN_UNGUARDED_AVAILABILITY = YES_AGGRESSIVE;
				CLANG_WARN_UNREACHABLE_CODE = YES;
				CLANG_WARN__DUPLICATE_METHOD_MATCH = YES;
				COPY_PHASE_STRIP = NO;
				DEBUG_INFORMATION_FORMAT = "dwarf-with-dsym";
				ENABLE_NS_ASSERTIONS = NO;
				ENABLE_STRICT_OBJC_MSGSEND = YES;
				GCC_C_LANGUAGE_STANDARD = gnu11;
				GCC_NO_COMMON_BLOCKS = YES;
				GCC_WARN_64_TO_32_BIT_CONVERSION = YES;
				GCC_WARN_ABOUT_RETURN_TYPE = YES_ERROR;
				GCC_WARN_UNDECLARED_SELECTOR = YES;
				GCC_WARN_UNINITIALIZED_AUTOS = YES_AGGRESSIVE;
				GCC_WARN_UNUSED_FUNCTION = YES;
				GCC_WARN_UNUSED_VARIABLE = YES;
				IPHONEOS_DEPLOYMENT_TARGET = 16.0;
				MTL_ENABLE_DEBUG_INFO = NO;
				MTL_FAST_MATH = YES;
				SDKROOT = iphoneos;
				SWIFT_COMPILATION_MODE = wholemodule;
				SWIFT_OPTIMIZATION_LEVEL = "-O";
				VALIDATE_PRODUCT = YES;
			};
			name = Release;
		};
		E468CEDF291796880015BCAE /* Debug */ = {
			isa = XCBuildConfiguration;
			buildSettings = {
				ASSETCATALOG_COMPILER_APPICON_NAME = AppIcon;
				ASSETCATALOG_COMPILER_GLOBAL_ACCENT_COLOR_NAME = AccentColor;
				CODE_SIGN_STYLE = Automatic;
				CURRENT_PROJECT_VERSION = 1;
				GENERATE_INFOPLIST_FILE = YES;
				INFOPLIST_FILE = tax/Info.plist;
				INFOPLIST_KEY_UIApplicationSupportsIndirectInputEvents = YES;
				INFOPLIST_KEY_UILaunchStoryboardName = LaunchScreen;
				INFOPLIST_KEY_UIMainStoryboardFile = Main;
				INFOPLIST_KEY_UISupportedInterfaceOrientations_iPad = "UIInterfaceOrientationPortrait UIInterfaceOrientationPortraitUpsideDown UIInterfaceOrientationLandscapeLeft UIInterfaceOrientationLandscapeRight";
				INFOPLIST_KEY_UISupportedInterfaceOrientations_iPhone = "UIInterfaceOrientationPortrait UIInterfaceOrientationLandscapeLeft UIInterfaceOrientationLandscapeRight";
				LD_RUNPATH_SEARCH_PATHS = (
					"$(inherited)",
					"@executable_path/Frameworks",
				);
				MARKETING_VERSION = 1.0;
				PRODUCT_BUNDLE_IDENTIFIER = asdgasd.gas.d.asdg.tax;
				PRODUCT_NAME = "$(TARGET_NAME)";
				SWIFT_EMIT_LOC_STRINGS = YES;
				SWIFT_VERSION = 5.0;
				TARGETED_DEVICE_FAMILY = "1,2";
			};
			name = Debug;
		};
		E468CEE0291796880015BCAE /* Release */ = {
			isa = XCBuildConfiguration;
			buildSettings = {
				ASSETCATALOG_COMPILER_APPICON_NAME = AppIcon;
				ASSETCATALOG_COMPILER_GLOBAL_ACCENT_COLOR_NAME = AccentColor;
				CODE_SIGN_STYLE = Automatic;
				CURRENT_PROJECT_VERSION = 1;
				GENERATE_INFOPLIST_FILE = YES;
				INFOPLIST_FILE = tax/Info.plist;
				INFOPLIST_KEY_UIApplicationSupportsIndirectInputEvents = YES;
				INFOPLIST_KEY_UILaunchStoryboardName = LaunchScreen;
				INFOPLIST_KEY_UIMainStoryboardFile = Main;
				INFOPLIST_KEY_UISupportedInterfaceOrientations_iPad = "UIInterfaceOrientationPortrait UIInterfaceOrientationPortraitUpsideDown UIInterfaceOrientationLandscapeLeft UIInterfaceOrientationLandscapeRight";
				INFOPLIST_KEY_UISupportedInterfaceOrientations_iPhone = "UIInterfaceOrientationPortrait UIInterfaceOrientationLandscapeLeft UIInterfaceOrientationLandscapeRight";
				LD_RUNPATH_SEARCH_PATHS = (
					"$(inherited)",
					"@executable_path/Frameworks",
				);
				MARKETING_VERSION = 1.0;
				PRODUCT_BUNDLE_IDENTIFIER = asdgasd.gas.d.asdg.tax;
				PRODUCT_NAME = "$(TARGET_NAME)";
				SWIFT_EMIT_LOC_STRINGS = YES;
				SWIFT_VERSION = 5.0;
				TARGETED_DEVICE_FAMILY = "1,2";
			};
			name = Release;
		};
/* End XCBuildConfiguration section */

/* Begin XCConfigurationList section */
		E468CEC5291796870015BCAE /* Build configuration list for PBXProject "tax" */ = {
			isa = XCConfigurationList;
			buildConfigurations = (
				E468CEDC291796880015BCAE /* Debug */,
				E468CEDD291796880015BCAE /* Release */,
			);
			defaultConfigurationIsVisible = 0;
			defaultConfigurationName = Release;
		};
		E468CEDE291796880015BCAE /* Build configuration list for PBXNativeTarget "tax" */ = {
			isa = XCConfigurationList;
			buildConfigurations = (
				E468CEDF291796880015BCAE /* Debug */,
				E468CEE0291796880015BCAE /* Release */,
			);
			defaultConfigurationIsVisible = 0;
			defaultConfigurationName = Release;
		};
/* End XCConfigurationList section */
	};
	rootObject = E468CEC2291796870015BCAE /* Project object */;
}
